
Microsoft Visual Studio Solution File, Format Version 12.00
# Visual Studio Version 16
VisualStudioVersion = 16.0.29123.88
MinimumVisualStudioVersion = 10.0.40219.1
Project("{FAE04EC0-301F-11D3-BF4B-00C04F79EFBC}") = "studentapi", "studentapi\studentapi.csproj", "{C002A32F-35DB-4545-8849-ACA23DD49F9B}"
EndProject
Global
	GlobalSection(SolutionConfigurationPlatforms) = preSolution
		Debug|Any CPU = Debug|Any CPU
		Release|Any CPU = Release|Any CPU
	EndGlobalSection
	GlobalSection(ProjectConfigurationPlatforms) = postSolution
		{C002A32F-35DB-4545-8849-ACA23DD49F9B}.Debug|Any CPU.ActiveCfg = Debug|Any CPU
		{C002A32F-35DB-4545-8849-ACA23DD49F9B}.Debug|Any CPU.Build.0 = Debug|Any CPU
		{C002A32F-35DB-4545-8849-ACA23DD49F9B}.Release|Any CPU.ActiveCfg = Release|Any CPU
		{C002A32F-35DB-4545-8849-ACA23DD49F9B}.Release|Any CPU.Build.0 = Release|Any CPU
	EndGlobalSection
	GlobalSection(SolutionProperties) = preSolution
		HideSolutionNode = FALSE
	EndGlobalSection
	GlobalSection(ExtensibilityGlobals) = postSolution
		SolutionGuid = {25B7309A-3946-4F18-8217-20BF2091CEAA}
	EndGlobalSection
EndGlobal
